
Microsoft Visual Studio Solution File, Format Version 12.00
# Visual Studio Version 17
VisualStudioVersion = 17.5.33318.248
MinimumVisualStudioVersion = 10.0.40219.1
Project("{FAE04EC0-301F-11D3-BF4B-00C04F79EFBC}") = "BasicGraphicsEngine", "BasicGraphicsEngine.csproj", "{1968A6A3-8556-4681-B123-5A0001A12FED}"
EndProject
Global
	GlobalSection(SolutionConfigurationPlatforms) = preSolution
		Debug|Any CPU = Debug|Any CPU
		Release|Any CPU = Release|Any CPU
	EndGlobalSection
	GlobalSection(ProjectConfigurationPlatforms) = postSolution
		{1968A6A3-8556-4681-B123-5A0001A12FED}.Debug|Any CPU.ActiveCfg = Debug|Any CPU
		{1968A6A3-8556-4681-B123-5A0001A12FED}.Debug|Any CPU.Build.0 = Debug|Any CPU
		{1968A6A3-8556-4681-B123-5A0001A12FED}.Release|Any CPU.ActiveCfg = Release|Any CPU
		{1968A6A3-8556-4681-B123-5A0001A12FED}.Release|Any CPU.Build.0 = Release|Any CPU
	EndGlobalSection
	GlobalSection(SolutionProperties) = preSolution
		HideSolutionNode = FALSE
	EndGlobalSection
	GlobalSection(ExtensibilityGlobals) = postSolution
		SolutionGuid = {486CAB25-7BA6-461D-9AF7-A0F56EBCF7FC}
	EndGlobalSection
EndGlobal
